
Microsoft Visual Studio Solution File, Format Version 12.00
# Visual Studio Version 16
VisualStudioVersion = 16.0.32510.428
MinimumVisualStudioVersion = 10.0.40219.1
Project("{888888A0-9F3D-457C-B088-3A5042F75D52}") = "Индекс массы тела", "Индекс массы тела.pyproj", "{0327284C-DC46-49BF-9665-A5493A8B05DE}"
EndProject
Global
	GlobalSection(SolutionConfigurationPlatforms) = preSolution
		Debug|Any CPU = Debug|Any CPU
		Release|Any CPU = Release|Any CPU
	EndGlobalSection
	GlobalSection(ProjectConfigurationPlatforms) = postSolution
		{0327284C-DC46-49BF-9665-A5493A8B05DE}.Debug|Any CPU.ActiveCfg = Debug|Any CPU
		{0327284C-DC46-49BF-9665-A5493A8B05DE}.Release|Any CPU.ActiveCfg = Release|Any CPU
	EndGlobalSection
	GlobalSection(SolutionProperties) = preSolution
		HideSolutionNode = FALSE
	EndGlobalSection
	GlobalSection(ExtensibilityGlobals) = postSolution
		SolutionGuid = {1E8D4F70-371E-4A2E-8B40-6A5A3CA5E8A7}
	EndGlobalSection
EndGlobal
